// !$*UTF8*$!
{
	archiveVersion = 1;
	classes = {
	};
	objectVersion = 46;
	objects = {

/* Begin PBXBuildFile section */
		_LinkFileRef_Swifter_via_SwifterTests /* Swifter.framework in Frameworks */ = {isa = PBXBuildFile; fileRef = "_____Product_Swifter" /* Swifter.framework */; };
		"__src_cc_ref_Sources/Data++.swift" /* Data++.swift in Sources */ = {isa = PBXBuildFile; fileRef = "__PBXFileRef_Sources/Data++.swift" /* Data++.swift */; };
		"__src_cc_ref_Sources/Dictionary++.swift" /* Dictionary++.swift in Sources */ = {isa = PBXBuildFile; fileRef = "__PBXFileRef_Sources/Dictionary++.swift" /* Dictionary++.swift */; };
		__src_cc_ref_Sources/HMAC.swift /* HMAC.swift in Sources */ = {isa = PBXBuildFile; fileRef = __PBXFileRef_Sources/HMAC.swift /* HMAC.swift */; };
		"__src_cc_ref_Sources/Int++.swift" /* Int++.swift in Sources */ = {isa = PBXBuildFile; fileRef = "__PBXFileRef_Sources/Int++.swift" /* Int++.swift */; };
		__src_cc_ref_Sources/JSON.swift /* JSON.swift in Sources */ = {isa = PBXBuildFile; fileRef = __PBXFileRef_Sources/JSON.swift /* JSON.swift */; };
		"__src_cc_ref_Sources/Operator++.swift" /* Operator++.swift in Sources */ = {isa = PBXBuildFile; fileRef = "__PBXFileRef_Sources/Operator++.swift" /* Operator++.swift */; };
		__src_cc_ref_Sources/SHA1.swift /* SHA1.swift in Sources */ = {isa = PBXBuildFile; fileRef = __PBXFileRef_Sources/SHA1.swift /* SHA1.swift */; };
		"__src_cc_ref_Sources/String++.swift" /* String++.swift in Sources */ = {isa = PBXBuildFile; fileRef = "__PBXFileRef_Sources/String++.swift" /* String++.swift */; };
		__src_cc_ref_Sources/Swifter.swift /* Swifter.swift in Sources */ = {isa = PBXBuildFile; fileRef = __PBXFileRef_Sources/Swifter.swift /* Swifter.swift */; };
		__src_cc_ref_Sources/SwifterAccountsClient.swift /* SwifterAccountsClient.swift in Sources */ = {isa = PBXBuildFile; fileRef = __PBXFileRef_Sources/SwifterAccountsClient.swift /* SwifterAccountsClient.swift */; };
		__src_cc_ref_Sources/SwifterAppOnlyClient.swift /* SwifterAppOnlyClient.swift in Sources */ = {isa = PBXBuildFile; fileRef = __PBXFileRef_Sources/SwifterAppOnlyClient.swift /* SwifterAppOnlyClient.swift */; };
		__src_cc_ref_Sources/SwifterAuth.swift /* SwifterAuth.swift in Sources */ = {isa = PBXBuildFile; fileRef = __PBXFileRef_Sources/SwifterAuth.swift /* SwifterAuth.swift */; };
		__src_cc_ref_Sources/SwifterClientProtocol.swift /* SwifterClientProtocol.swift in Sources */ = {isa = PBXBuildFile; fileRef = __PBXFileRef_Sources/SwifterClientProtocol.swift /* SwifterClientProtocol.swift */; };
		__src_cc_ref_Sources/SwifterCredential.swift /* SwifterCredential.swift in Sources */ = {isa = PBXBuildFile; fileRef = __PBXFileRef_Sources/SwifterCredential.swift /* SwifterCredential.swift */; };
		__src_cc_ref_Sources/SwifterError.swift /* SwifterError.swift in Sources */ = {isa = PBXBuildFile; fileRef = __PBXFileRef_Sources/SwifterError.swift /* SwifterError.swift */; };
		__src_cc_ref_Sources/SwifterFavorites.swift /* SwifterFavorites.swift in Sources */ = {isa = PBXBuildFile; fileRef = __PBXFileRef_Sources/SwifterFavorites.swift /* SwifterFavorites.swift */; };
		__src_cc_ref_Sources/SwifterFollowers.swift /* SwifterFollowers.swift in Sources */ = {isa = PBXBuildFile; fileRef = __PBXFileRef_Sources/SwifterFollowers.swift /* SwifterFollowers.swift */; };
		__src_cc_ref_Sources/SwifterHTTPRequest.swift /* SwifterHTTPRequest.swift in Sources */ = {isa = PBXBuildFile; fileRef = __PBXFileRef_Sources/SwifterHTTPRequest.swift /* SwifterHTTPRequest.swift */; };
		__src_cc_ref_Sources/SwifterHelp.swift /* SwifterHelp.swift in Sources */ = {isa = PBXBuildFile; fileRef = __PBXFileRef_Sources/SwifterHelp.swift /* SwifterHelp.swift */; };
		__src_cc_ref_Sources/SwifterLists.swift /* SwifterLists.swift in Sources */ = {isa = PBXBuildFile; fileRef = __PBXFileRef_Sources/SwifterLists.swift /* SwifterLists.swift */; };
		__src_cc_ref_Sources/SwifterMessages.swift /* SwifterMessages.swift in Sources */ = {isa = PBXBuildFile; fileRef = __PBXFileRef_Sources/SwifterMessages.swift /* SwifterMessages.swift */; };
		__src_cc_ref_Sources/SwifterOAuthClient.swift /* SwifterOAuthClient.swift in Sources */ = {isa = PBXBuildFile; fileRef = __PBXFileRef_Sources/SwifterOAuthClient.swift /* SwifterOAuthClient.swift */; };
		__src_cc_ref_Sources/SwifterPlaces.swift /* SwifterPlaces.swift in Sources */ = {isa = PBXBuildFile; fileRef = __PBXFileRef_Sources/SwifterPlaces.swift /* SwifterPlaces.swift */; };
		__src_cc_ref_Sources/SwifterSavedSearches.swift /* SwifterSavedSearches.swift in Sources */ = {isa = PBXBuildFile; fileRef = __PBXFileRef_Sources/SwifterSavedSearches.swift /* SwifterSavedSearches.swift */; };
		__src_cc_ref_Sources/SwifterSearch.swift /* SwifterSearch.swift in Sources */ = {isa = PBXBuildFile; fileRef = __PBXFileRef_Sources/SwifterSearch.swift /* SwifterSearch.swift */; };
		__src_cc_ref_Sources/SwifterSpam.swift /* SwifterSpam.swift in Sources */ = {isa = PBXBuildFile; fileRef = __PBXFileRef_Sources/SwifterSpam.swift /* SwifterSpam.swift */; };
		__src_cc_ref_Sources/SwifterStreaming.swift /* SwifterStreaming.swift in Sources */ = {isa = PBXBuildFile; fileRef = __PBXFileRef_Sources/SwifterStreaming.swift /* SwifterStreaming.swift */; };
		__src_cc_ref_Sources/SwifterSuggested.swift /* SwifterSuggested.swift in Sources */ = {isa = PBXBuildFile; fileRef = __PBXFileRef_Sources/SwifterSuggested.swift /* SwifterSuggested.swift */; };
		__src_cc_ref_Sources/SwifterTag.swift /* SwifterTag.swift in Sources */ = {isa = PBXBuildFile; fileRef = __PBXFileRef_Sources/SwifterTag.swift /* SwifterTag.swift */; };
		__src_cc_ref_Sources/SwifterTimelines.swift /* SwifterTimelines.swift in Sources */ = {isa = PBXBuildFile; fileRef = __PBXFileRef_Sources/SwifterTimelines.swift /* SwifterTimelines.swift */; };
		__src_cc_ref_Sources/SwifterTrends.swift /* SwifterTrends.swift in Sources */ = {isa = PBXBuildFile; fileRef = __PBXFileRef_Sources/SwifterTrends.swift /* SwifterTrends.swift */; };
		__src_cc_ref_Sources/SwifterTweets.swift /* SwifterTweets.swift in Sources */ = {isa = PBXBuildFile; fileRef = __PBXFileRef_Sources/SwifterTweets.swift /* SwifterTweets.swift */; };
		__src_cc_ref_Sources/SwifterUsers.swift /* SwifterUsers.swift in Sources */ = {isa = PBXBuildFile; fileRef = __PBXFileRef_Sources/SwifterUsers.swift /* SwifterUsers.swift */; };
		"__src_cc_ref_Sources/URL++.swift" /* URL++.swift in Sources */ = {isa = PBXBuildFile; fileRef = "__PBXFileRef_Sources/URL++.swift" /* URL++.swift */; };
		__src_cc_ref_Sources/Utils.swift /* Utils.swift in Sources */ = {isa = PBXBuildFile; fileRef = __PBXFileRef_Sources/Utils.swift /* Utils.swift */; };
		"__src_cc_ref_Tests/SwifterTests/String+SwifterTests.swift" /* String+SwifterTests.swift in Sources */ = {isa = PBXBuildFile; fileRef = "__PBXFileRef_Tests/SwifterTests/String+SwifterTests.swift" /* String+SwifterTests.swift */; };
/* End PBXBuildFile section */

/* Begin PBXContainerItemProxy section */
		094D76481D966CFB00C980FF /* PBXContainerItemProxy */ = {
			isa = PBXContainerItemProxy;
			containerPortal = __RootObject_ /* Project object */;
			proxyType = 1;
			remoteGlobalIDString = "______Target_Swifter";
			remoteInfo = Swifter;
		};
/* End PBXContainerItemProxy section */

/* Begin PBXFileReference section */
		__PBXFileRef_Package.swift /* Package.swift */ = {isa = PBXFileReference; lastKnownFileType = sourcecode.swift; path = Package.swift; sourceTree = "<group>"; };
		"__PBXFileRef_Sources/Data++.swift" /* Data++.swift */ = {isa = PBXFileReference; indentWidth = 4; lastKnownFileType = sourcecode.swift; path = "Data++.swift"; sourceTree = "<group>"; tabWidth = 4; };
		"__PBXFileRef_Sources/Dictionary++.swift" /* Dictionary++.swift */ = {isa = PBXFileReference; lastKnownFileType = sourcecode.swift; path = "Dictionary++.swift"; sourceTree = "<group>"; };
		__PBXFileRef_Sources/HMAC.swift /* HMAC.swift */ = {isa = PBXFileReference; lastKnownFileType = sourcecode.swift; path = HMAC.swift; sourceTree = "<group>"; };
		"__PBXFileRef_Sources/Int++.swift" /* Int++.swift */ = {isa = PBXFileReference; lastKnownFileType = sourcecode.swift; path = "Int++.swift"; sourceTree = "<group>"; };
		__PBXFileRef_Sources/JSON.swift /* JSON.swift */ = {isa = PBXFileReference; lastKnownFileType = sourcecode.swift; path = JSON.swift; sourceTree = "<group>"; };
		"__PBXFileRef_Sources/Operator++.swift" /* Operator++.swift */ = {isa = PBXFileReference; lastKnownFileType = sourcecode.swift; path = "Operator++.swift"; sourceTree = "<group>"; };
		__PBXFileRef_Sources/SHA1.swift /* SHA1.swift */ = {isa = PBXFileReference; lastKnownFileType = sourcecode.swift; path = SHA1.swift; sourceTree = "<group>"; };
		"__PBXFileRef_Sources/String++.swift" /* String++.swift */ = {isa = PBXFileReference; lastKnownFileType = sourcecode.swift; path = "String++.swift"; sourceTree = "<group>"; };
		__PBXFileRef_Sources/Swifter.swift /* Swifter.swift */ = {isa = PBXFileReference; lastKnownFileType = sourcecode.swift; path = Swifter.swift; sourceTree = "<group>"; };
		__PBXFileRef_Sources/SwifterAccountsClient.swift /* SwifterAccountsClient.swift */ = {isa = PBXFileReference; lastKnownFileType = sourcecode.swift; path = SwifterAccountsClient.swift; sourceTree = "<group>"; };
		__PBXFileRef_Sources/SwifterAppOnlyClient.swift /* SwifterAppOnlyClient.swift */ = {isa = PBXFileReference; lastKnownFileType = sourcecode.swift; path = SwifterAppOnlyClient.swift; sourceTree = "<group>"; };
		__PBXFileRef_Sources/SwifterAuth.swift /* SwifterAuth.swift */ = {isa = PBXFileReference; lastKnownFileType = sourcecode.swift; path = SwifterAuth.swift; sourceTree = "<group>"; };
		__PBXFileRef_Sources/SwifterClientProtocol.swift /* SwifterClientProtocol.swift */ = {isa = PBXFileReference; lastKnownFileType = sourcecode.swift; path = SwifterClientProtocol.swift; sourceTree = "<group>"; };
		__PBXFileRef_Sources/SwifterCredential.swift /* SwifterCredential.swift */ = {isa = PBXFileReference; lastKnownFileType = sourcecode.swift; path = SwifterCredential.swift; sourceTree = "<group>"; };
		__PBXFileRef_Sources/SwifterError.swift /* SwifterError.swift */ = {isa = PBXFileReference; lastKnownFileType = sourcecode.swift; path = SwifterError.swift; sourceTree = "<group>"; };
		__PBXFileRef_Sources/SwifterFavorites.swift /* SwifterFavorites.swift */ = {isa = PBXFileReference; lastKnownFileType = sourcecode.swift; path = SwifterFavorites.swift; sourceTree = "<group>"; };
		__PBXFileRef_Sources/SwifterFollowers.swift /* SwifterFollowers.swift */ = {isa = PBXFileReference; lastKnownFileType = sourcecode.swift; path = SwifterFollowers.swift; sourceTree = "<group>"; };
		__PBXFileRef_Sources/SwifterHTTPRequest.swift /* SwifterHTTPRequest.swift */ = {isa = PBXFileReference; lastKnownFileType = sourcecode.swift; path = SwifterHTTPRequest.swift; sourceTree = "<group>"; };
		__PBXFileRef_Sources/SwifterHelp.swift /* SwifterHelp.swift */ = {isa = PBXFileReference; lastKnownFileType = sourcecode.swift; path = SwifterHelp.swift; sourceTree = "<group>"; };
		__PBXFileRef_Sources/SwifterLists.swift /* SwifterLists.swift */ = {isa = PBXFileReference; lastKnownFileType = sourcecode.swift; path = SwifterLists.swift; sourceTree = "<group>"; };
		__PBXFileRef_Sources/SwifterMessages.swift /* SwifterMessages.swift */ = {isa = PBXFileReference; lastKnownFileType = sourcecode.swift; path = SwifterMessages.swift; sourceTree = "<group>"; };
		__PBXFileRef_Sources/SwifterOAuthClient.swift /* SwifterOAuthClient.swift */ = {isa = PBXFileReference; lastKnownFileType = sourcecode.swift; path = SwifterOAuthClient.swift; sourceTree = "<group>"; };
		__PBXFileRef_Sources/SwifterPlaces.swift /* SwifterPlaces.swift */ = {isa = PBXFileReference; lastKnownFileType = sourcecode.swift; path = SwifterPlaces.swift; sourceTree = "<group>"; };
		__PBXFileRef_Sources/SwifterSavedSearches.swift /* SwifterSavedSearches.swift */ = {isa = PBXFileReference; lastKnownFileType = sourcecode.swift; path = SwifterSavedSearches.swift; sourceTree = "<group>"; };
		__PBXFileRef_Sources/SwifterSearch.swift /* SwifterSearch.swift */ = {isa = PBXFileReference; lastKnownFileType = sourcecode.swift; path = SwifterSearch.swift; sourceTree = "<group>"; };
		__PBXFileRef_Sources/SwifterSpam.swift /* SwifterSpam.swift */ = {isa = PBXFileReference; lastKnownFileType = sourcecode.swift; path = SwifterSpam.swift; sourceTree = "<group>"; };
		__PBXFileRef_Sources/SwifterStreaming.swift /* SwifterStreaming.swift */ = {isa = PBXFileReference; lastKnownFileType = sourcecode.swift; path = SwifterStreaming.swift; sourceTree = "<group>"; };
		__PBXFileRef_Sources/SwifterSuggested.swift /* SwifterSuggested.swift */ = {isa = PBXFileReference; lastKnownFileType = sourcecode.swift; path = SwifterSuggested.swift; sourceTree = "<group>"; };
		__PBXFileRef_Sources/SwifterTag.swift /* SwifterTag.swift */ = {isa = PBXFileReference; lastKnownFileType = sourcecode.swift; path = SwifterTag.swift; sourceTree = "<group>"; };
		__PBXFileRef_Sources/SwifterTimelines.swift /* SwifterTimelines.swift */ = {isa = PBXFileReference; lastKnownFileType = sourcecode.swift; path = SwifterTimelines.swift; sourceTree = "<group>"; };
		__PBXFileRef_Sources/SwifterTrends.swift /* SwifterTrends.swift */ = {isa = PBXFileReference; lastKnownFileType = sourcecode.swift; path = SwifterTrends.swift; sourceTree = "<group>"; };
		__PBXFileRef_Sources/SwifterTweets.swift /* SwifterTweets.swift */ = {isa = PBXFileReference; lastKnownFileType = sourcecode.swift; path = SwifterTweets.swift; sourceTree = "<group>"; };
		__PBXFileRef_Sources/SwifterUsers.swift /* SwifterUsers.swift */ = {isa = PBXFileReference; lastKnownFileType = sourcecode.swift; path = SwifterUsers.swift; sourceTree = "<group>"; };
		"__PBXFileRef_Sources/URL++.swift" /* URL++.swift */ = {isa = PBXFileReference; lastKnownFileType = sourcecode.swift; path = "URL++.swift"; sourceTree = "<group>"; };
		__PBXFileRef_Sources/Utils.swift /* Utils.swift */ = {isa = PBXFileReference; lastKnownFileType = sourcecode.swift; path = Utils.swift; sourceTree = "<group>"; };
		__PBXFileRef_Swifter.xcodeproj/Configs/Project.xcconfig /* Swifter.xcodeproj/Configs/Project.xcconfig */ = {isa = PBXFileReference; lastKnownFileType = text.xcconfig; path = Swifter.xcodeproj/Configs/Project.xcconfig; sourceTree = "<group>"; };
		"__PBXFileRef_Tests/SwifterTests/String+SwifterTests.swift" /* String+SwifterTests.swift */ = {isa = PBXFileReference; indentWidth = 4; lastKnownFileType = sourcecode.swift; path = "String+SwifterTests.swift"; sourceTree = "<group>"; tabWidth = 4; };
		"_____Product_Swifter" /* Swifter.framework */ = {isa = PBXFileReference; explicitFileType = wrapper.framework; path = Swifter.framework; sourceTree = BUILT_PRODUCTS_DIR; };
		"_____Product_SwifterTests" /* SwifterTests.xctest */ = {isa = PBXFileReference; lastKnownFileType = file; path = SwifterTests.xctest; sourceTree = BUILT_PRODUCTS_DIR; };
/* End PBXFileReference section */

/* Begin PBXFrameworksBuildPhase section */
		"___LinkPhase_Swifter" /* Frameworks */ = {
			isa = PBXFrameworksBuildPhase;
			buildActionMask = 0;
			files = (
			);
			runOnlyForDeploymentPostprocessing = 0;
		};
		"___LinkPhase_SwifterTests" /* Frameworks */ = {
			isa = PBXFrameworksBuildPhase;
			buildActionMask = 0;
			files = (
				_LinkFileRef_Swifter_via_SwifterTests /* Swifter.framework in Frameworks */,
			);
			runOnlyForDeploymentPostprocessing = 0;
		};
/* End PBXFrameworksBuildPhase section */

/* Begin PBXGroup section */
		TestProducts_ /* Tests */ = {
			isa = PBXGroup;
			children = (
				"_____Product_SwifterTests" /* SwifterTests.xctest */,
			);
			name = Tests;
			sourceTree = "<group>";
		};
		"___RootGroup_" = {
			isa = PBXGroup;
			children = (
				__PBXFileRef_Package.swift /* Package.swift */,
				"_____Configs_" /* Configs */,
				"_____Sources_" /* Sources */,
				"_______Tests_" /* Tests */,
				"____Products_" /* Products */,
			);
			sourceTree = "<group>";
		};
		"____Products_" /* Products */ = {
			isa = PBXGroup;
			children = (
				TestProducts_ /* Tests */,
				"_____Product_Swifter" /* Swifter.framework */,
			);
			name = Products;
			sourceTree = "<group>";
		};
		"_____Configs_" /* Configs */ = {
			isa = PBXGroup;
			children = (
				__PBXFileRef_Swifter.xcodeproj/Configs/Project.xcconfig /* Swifter.xcodeproj/Configs/Project.xcconfig */,
			);
			name = Configs;
			sourceTree = "<group>";
		};
		"_____Sources_" /* Sources */ = {
			isa = PBXGroup;
			children = (
				"_______Group_Swifter" /* Swifter */,
			);
			name = Sources;
			sourceTree = "<group>";
		};
		"_______Group_Swifter" /* Swifter */ = {
			isa = PBXGroup;
			children = (
				"__PBXFileRef_Sources/Data++.swift" /* Data++.swift */,
				"__PBXFileRef_Sources/Dictionary++.swift" /* Dictionary++.swift */,
				__PBXFileRef_Sources/HMAC.swift /* HMAC.swift */,
				"__PBXFileRef_Sources/Int++.swift" /* Int++.swift */,
				__PBXFileRef_Sources/JSON.swift /* JSON.swift */,
				"__PBXFileRef_Sources/Operator++.swift" /* Operator++.swift */,
				__PBXFileRef_Sources/SHA1.swift /* SHA1.swift */,
				"__PBXFileRef_Sources/String++.swift" /* String++.swift */,
				__PBXFileRef_Sources/Swifter.swift /* Swifter.swift */,
				__PBXFileRef_Sources/SwifterAccountsClient.swift /* SwifterAccountsClient.swift */,
				__PBXFileRef_Sources/SwifterAppOnlyClient.swift /* SwifterAppOnlyClient.swift */,
				__PBXFileRef_Sources/SwifterAuth.swift /* SwifterAuth.swift */,
				__PBXFileRef_Sources/SwifterClientProtocol.swift /* SwifterClientProtocol.swift */,
				__PBXFileRef_Sources/SwifterCredential.swift /* SwifterCredential.swift */,
				__PBXFileRef_Sources/SwifterError.swift /* SwifterError.swift */,
				__PBXFileRef_Sources/SwifterFavorites.swift /* SwifterFavorites.swift */,
				__PBXFileRef_Sources/SwifterFollowers.swift /* SwifterFollowers.swift */,
				__PBXFileRef_Sources/SwifterHelp.swift /* SwifterHelp.swift */,
				__PBXFileRef_Sources/SwifterHTTPRequest.swift /* SwifterHTTPRequest.swift */,
				__PBXFileRef_Sources/SwifterLists.swift /* SwifterLists.swift */,
				__PBXFileRef_Sources/SwifterMessages.swift /* SwifterMessages.swift */,
				__PBXFileRef_Sources/SwifterOAuthClient.swift /* SwifterOAuthClient.swift */,
				__PBXFileRef_Sources/SwifterPlaces.swift /* SwifterPlaces.swift */,
				__PBXFileRef_Sources/SwifterSavedSearches.swift /* SwifterSavedSearches.swift */,
				__PBXFileRef_Sources/SwifterSearch.swift /* SwifterSearch.swift */,
				__PBXFileRef_Sources/SwifterSpam.swift /* SwifterSpam.swift */,
				__PBXFileRef_Sources/SwifterStreaming.swift /* SwifterStreaming.swift */,
				__PBXFileRef_Sources/SwifterSuggested.swift /* SwifterSuggested.swift */,
				__PBXFileRef_Sources/SwifterTag.swift /* SwifterTag.swift */,
				__PBXFileRef_Sources/SwifterTimelines.swift /* SwifterTimelines.swift */,
				__PBXFileRef_Sources/SwifterTrends.swift /* SwifterTrends.swift */,
				__PBXFileRef_Sources/SwifterTweets.swift /* SwifterTweets.swift */,
				__PBXFileRef_Sources/SwifterUsers.swift /* SwifterUsers.swift */,
				"__PBXFileRef_Sources/URL++.swift" /* URL++.swift */,
				__PBXFileRef_Sources/Utils.swift /* Utils.swift */,
			);
			name = Swifter;
			path = Sources;
			sourceTree = "<group>";
		};
		"_______Group_SwifterTests" /* SwifterTests */ = {
			isa = PBXGroup;
			children = (
				"__PBXFileRef_Tests/SwifterTests/String+SwifterTests.swift" /* String+SwifterTests.swift */,
			);
			name = SwifterTests;
			path = Tests/SwifterTests;
			sourceTree = "<group>";
		};
		"_______Tests_" /* Tests */ = {
			isa = PBXGroup;
			children = (
				"_______Group_SwifterTests" /* SwifterTests */,
			);
			name = Tests;
			sourceTree = "<group>";
		};
/* End PBXGroup section */

/* Begin PBXNativeTarget section */
		"______Target_Swifter" /* Swifter */ = {
			isa = PBXNativeTarget;
			buildConfigurationList = "_______Confs_Swifter" /* Build configuration list for PBXNativeTarget "Swifter" */;
			buildPhases = (
				CompilePhase_Swifter /* Sources */,
				"___LinkPhase_Swifter" /* Frameworks */,
			);
			buildRules = (
			);
			dependencies = (
			);
			name = Swifter;
			productName = Swifter;
			productReference = "_____Product_Swifter" /* Swifter.framework */;
			productType = "com.apple.product-type.framework";
		};
		"______Target_SwifterTests" /* SwifterTests */ = {
			isa = PBXNativeTarget;
			buildConfigurationList = "_______Confs_SwifterTests" /* Build configuration list for PBXNativeTarget "SwifterTests" */;
			buildPhases = (
				CompilePhase_SwifterTests /* Sources */,
				"___LinkPhase_SwifterTests" /* Frameworks */,
			);
			buildRules = (
			);
			dependencies = (
				__Dependency_Swifter /* PBXTargetDependency */,
			);
			name = SwifterTests;
			productName = SwifterTests;
			productReference = "_____Product_SwifterTests" /* SwifterTests.xctest */;
			productType = "com.apple.product-type.bundle.unit-test";
		};
/* End PBXNativeTarget section */

/* Begin PBXProject section */
		__RootObject_ /* Project object */ = {
			isa = PBXProject;
			attributes = {
				LastUpgradeCheck = 9999;
			};
			buildConfigurationList = "___RootConfs_" /* Build configuration list for PBXProject "Swifter" */;
			compatibilityVersion = "Xcode 3.2";
			developmentRegion = English;
			hasScannedForEncodings = 0;
			knownRegions = (
				en,
			);
			mainGroup = "___RootGroup_";
			productRefGroup = "____Products_" /* Products */;
			projectDirPath = "";
			projectRoot = "";
			targets = (
				"______Target_Swifter" /* Swifter */,
				"______Target_SwifterTests" /* SwifterTests */,
			);
		};
/* End PBXProject section */

/* Begin PBXSourcesBuildPhase section */
		CompilePhase_Swifter /* Sources */ = {
			isa = PBXSourcesBuildPhase;
			buildActionMask = 0;
			files = (
				"__src_cc_ref_Sources/Data++.swift" /* Data++.swift in Sources */,
				"__src_cc_ref_Sources/Dictionary++.swift" /* Dictionary++.swift in Sources */,
				__src_cc_ref_Sources/HMAC.swift /* HMAC.swift in Sources */,
				"__src_cc_ref_Sources/Int++.swift" /* Int++.swift in Sources */,
				__src_cc_ref_Sources/JSON.swift /* JSON.swift in Sources */,
				"__src_cc_ref_Sources/Operator++.swift" /* Operator++.swift in Sources */,
				__src_cc_ref_Sources/SHA1.swift /* SHA1.swift in Sources */,
				"__src_cc_ref_Sources/String++.swift" /* String++.swift in Sources */,
				__src_cc_ref_Sources/Swifter.swift /* Swifter.swift in Sources */,
				__src_cc_ref_Sources/SwifterAccountsClient.swift /* SwifterAccountsClient.swift in Sources */,
				__src_cc_ref_Sources/SwifterAppOnlyClient.swift /* SwifterAppOnlyClient.swift in Sources */,
				__src_cc_ref_Sources/SwifterAuth.swift /* SwifterAuth.swift in Sources */,
				__src_cc_ref_Sources/SwifterClientProtocol.swift /* SwifterClientProtocol.swift in Sources */,
				__src_cc_ref_Sources/SwifterCredential.swift /* SwifterCredential.swift in Sources */,
				__src_cc_ref_Sources/SwifterError.swift /* SwifterError.swift in Sources */,
				__src_cc_ref_Sources/SwifterFavorites.swift /* SwifterFavorites.swift in Sources */,
				__src_cc_ref_Sources/SwifterFollowers.swift /* SwifterFollowers.swift in Sources */,
				__src_cc_ref_Sources/SwifterHelp.swift /* SwifterHelp.swift in Sources */,
				__src_cc_ref_Sources/SwifterHTTPRequest.swift /* SwifterHTTPRequest.swift in Sources */,
				__src_cc_ref_Sources/SwifterLists.swift /* SwifterLists.swift in Sources */,
				__src_cc_ref_Sources/SwifterMessages.swift /* SwifterMessages.swift in Sources */,
				__src_cc_ref_Sources/SwifterOAuthClient.swift /* SwifterOAuthClient.swift in Sources */,
				__src_cc_ref_Sources/SwifterPlaces.swift /* SwifterPlaces.swift in Sources */,
				__src_cc_ref_Sources/SwifterSavedSearches.swift /* SwifterSavedSearches.swift in Sources */,
				__src_cc_ref_Sources/SwifterSearch.swift /* SwifterSearch.swift in Sources */,
				__src_cc_ref_Sources/SwifterSpam.swift /* SwifterSpam.swift in Sources */,
				__src_cc_ref_Sources/SwifterStreaming.swift /* SwifterStreaming.swift in Sources */,
				__src_cc_ref_Sources/SwifterSuggested.swift /* SwifterSuggested.swift in Sources */,
				__src_cc_ref_Sources/SwifterTag.swift /* SwifterTag.swift in Sources */,
				__src_cc_ref_Sources/SwifterTimelines.swift /* SwifterTimelines.swift in Sources */,
				__src_cc_ref_Sources/SwifterTrends.swift /* SwifterTrends.swift in Sources */,
				__src_cc_ref_Sources/SwifterTweets.swift /* SwifterTweets.swift in Sources */,
				__src_cc_ref_Sources/SwifterUsers.swift /* SwifterUsers.swift in Sources */,
				"__src_cc_ref_Sources/URL++.swift" /* URL++.swift in Sources */,
				__src_cc_ref_Sources/Utils.swift /* Utils.swift in Sources */,
			);
			runOnlyForDeploymentPostprocessing = 0;
		};
		CompilePhase_SwifterTests /* Sources */ = {
			isa = PBXSourcesBuildPhase;
			buildActionMask = 0;
			files = (
				"__src_cc_ref_Tests/SwifterTests/String+SwifterTests.swift" /* String+SwifterTests.swift in Sources */,
			);
			runOnlyForDeploymentPostprocessing = 0;
		};
/* End PBXSourcesBuildPhase section */

/* Begin PBXTargetDependency section */
		__Dependency_Swifter /* PBXTargetDependency */ = {
			isa = PBXTargetDependency;
			target = "______Target_Swifter" /* Swifter */;
			targetProxy = 094D76481D966CFB00C980FF /* PBXContainerItemProxy */;
		};
/* End PBXTargetDependency section */

/* Begin XCBuildConfiguration section */
		_ReleaseConf_Swifter /* Release */ = {
			isa = XCBuildConfiguration;
			buildSettings = {
				ENABLE_TESTABILITY = YES;
				FRAMEWORK_SEARCH_PATHS = "$(PLATFORM_DIR)/Developer/Library/Frameworks";
				INFOPLIST_FILE = Swifter.xcodeproj/Swifter_Info.plist;
				LD_RUNPATH_SEARCH_PATHS = "$(TOOLCHAIN_DIR)/usr/lib/swift/macosx";
				OTHER_LDFLAGS = "$(inherited)";
				OTHER_SWIFT_FLAGS = "$(inherited)";
				PRODUCT_BUNDLE_IDENTIFIER = Swifter;
				PRODUCT_MODULE_NAME = "$(TARGET_NAME:c99extidentifier)";
				PRODUCT_NAME = "$(TARGET_NAME:c99extidentifier)";
				SWIFT_VERSION = 3.0;
			};
			name = Release;
		};
		_ReleaseConf_SwifterTests /* Release */ = {
			isa = XCBuildConfiguration;
			buildSettings = {
				EMBEDDED_CONTENT_CONTAINS_SWIFT = YES;
				FRAMEWORK_SEARCH_PATHS = "$(PLATFORM_DIR)/Developer/Library/Frameworks";
				INFOPLIST_FILE = Swifter.xcodeproj/SwifterTests_Info.plist;
				LD_RUNPATH_SEARCH_PATHS = "@loader_path/../Frameworks";
				OTHER_LDFLAGS = "$(inherited)";
				OTHER_SWIFT_FLAGS = "$(inherited)";
				SWIFT_VERSION = 3.0;
			};
			name = Release;
		};
		"___DebugConf_Swifter" /* Debug */ = {
			isa = XCBuildConfiguration;
			buildSettings = {
				ENABLE_TESTABILITY = YES;
				FRAMEWORK_SEARCH_PATHS = "$(PLATFORM_DIR)/Developer/Library/Frameworks";
				INFOPLIST_FILE = Swifter.xcodeproj/Swifter_Info.plist;
				LD_RUNPATH_SEARCH_PATHS = "$(TOOLCHAIN_DIR)/usr/lib/swift/macosx";
				OTHER_LDFLAGS = "$(inherited)";
				OTHER_SWIFT_FLAGS = "$(inherited)";
				PRODUCT_BUNDLE_IDENTIFIER = Swifter;
				PRODUCT_MODULE_NAME = "$(TARGET_NAME:c99extidentifier)";
				PRODUCT_NAME = "$(TARGET_NAME:c99extidentifier)";
				SWIFT_OPTIMIZATION_LEVEL = "-Onone";
				SWIFT_VERSION = 3.0;
			};
			name = Debug;
		};
		"___DebugConf_SwifterTests" /* Debug */ = {
			isa = XCBuildConfiguration;
			buildSettings = {
				EMBEDDED_CONTENT_CONTAINS_SWIFT = YES;
				FRAMEWORK_SEARCH_PATHS = "$(PLATFORM_DIR)/Developer/Library/Frameworks";
				INFOPLIST_FILE = Swifter.xcodeproj/SwifterTests_Info.plist;
				LD_RUNPATH_SEARCH_PATHS = "@loader_path/../Frameworks";
				OTHER_LDFLAGS = "$(inherited)";
				OTHER_SWIFT_FLAGS = "$(inherited)";
				SWIFT_OPTIMIZATION_LEVEL = "-Onone";
				SWIFT_VERSION = 3.0;
			};
			name = Debug;
		};
		"_____Release_" /* Release */ = {
			isa = XCBuildConfiguration;
			baseConfigurationReference = __PBXFileRef_Swifter.xcodeproj/Configs/Project.xcconfig /* Swifter.xcodeproj/Configs/Project.xcconfig */;
			buildSettings = {
			};
			name = Release;
		};
		"_______Debug_" /* Debug */ = {
			isa = XCBuildConfiguration;
			baseConfigurationReference = __PBXFileRef_Swifter.xcodeproj/Configs/Project.xcconfig /* Swifter.xcodeproj/Configs/Project.xcconfig */;
			buildSettings = {
			};
			name = Debug;
		};
/* End XCBuildConfiguration section */

/* Begin XCConfigurationList section */
		"___RootConfs_" /* Build configuration list for PBXProject "Swifter" */ = {
			isa = XCConfigurationList;
			buildConfigurations = (
				"_______Debug_" /* Debug */,
				"_____Release_" /* Release */,
			);
			defaultConfigurationIsVisible = 0;
			defaultConfigurationName = Debug;
		};
		"_______Confs_Swifter" /* Build configuration list for PBXNativeTarget "Swifter" */ = {
			isa = XCConfigurationList;
			buildConfigurations = (
				"___DebugConf_Swifter" /* Debug */,
				_ReleaseConf_Swifter /* Release */,
			);
			defaultConfigurationIsVisible = 0;
			defaultConfigurationName = Debug;
		};
		"_______Confs_SwifterTests" /* Build configuration list for PBXNativeTarget "SwifterTests" */ = {
			isa = XCConfigurationList;
			buildConfigurations = (
				"___DebugConf_SwifterTests" /* Debug */,
				_ReleaseConf_SwifterTests /* Release */,
			);
			defaultConfigurationIsVisible = 0;
			defaultConfigurationName = Debug;
		};
/* End XCConfigurationList section */
	};
	rootObject = __RootObject_ /* Project object */;
}
